
Microsoft Visual Studio Solution File, Format Version 12.00
# Visual Studio 15
VisualStudioVersion = 15.0.28307.106
MinimumVisualStudioVersion = 10.0.40219.1
Project("{FAE04EC0-301F-11D3-BF4B-00C04F79EFBC}") = "OdeToFood.Web", "OdeToFood.Web\OdeToFood.Web.csproj", "{AF426561-22E8-41A6-AC19-6859A22D6A73}"
EndProject
Project("{FAE04EC0-301F-11D3-BF4B-00C04F79EFBC}") = "OdeToFood.Data", "OdeToFood.Data\OdeToFood.Data.csproj", "{D69EE50F-2ACC-4144-BD45-54082A562B10}"
EndProject
Global
	GlobalSection(SolutionConfigurationPlatforms) = preSolution
		Debug|Any CPU = Debug|Any CPU
		Release|Any CPU = Release|Any CPU
	EndGlobalSection
	GlobalSection(ProjectConfigurationPlatforms) = postSolution
		{AF426561-22E8-41A6-AC19-6859A22D6A73}.Debug|Any CPU.ActiveCfg = Debug|Any CPU
		{AF426561-22E8-41A6-AC19-6859A22D6A73}.Debug|Any CPU.Build.0 = Debug|Any CPU
		{AF426561-22E8-41A6-AC19-6859A22D6A73}.Release|Any CPU.ActiveCfg = Release|Any CPU
		{AF426561-22E8-41A6-AC19-6859A22D6A73}.Release|Any CPU.Build.0 = Release|Any CPU
		{D69EE50F-2ACC-4144-BD45-54082A562B10}.Debug|Any CPU.ActiveCfg = Debug|Any CPU
		{D69EE50F-2ACC-4144-BD45-54082A562B10}.Debug|Any CPU.Build.0 = Debug|Any CPU
		{D69EE50F-2ACC-4144-BD45-54082A562B10}.Release|Any CPU.ActiveCfg = Release|Any CPU
		{D69EE50F-2ACC-4144-BD45-54082A562B10}.Release|Any CPU.Build.0 = Release|Any CPU
	EndGlobalSection
	GlobalSection(SolutionProperties) = preSolution
		HideSolutionNode = FALSE
	EndGlobalSection
	GlobalSection(ExtensibilityGlobals) = postSolution
		SolutionGuid = {B1133A6C-5D53-40B6-A053-E3A7374CD045}
	EndGlobalSection
EndGlobal
